
Microsoft Visual Studio Solution File, Format Version 12.00
# Visual Studio Version 17
VisualStudioVersion = 17.5.002.0
MinimumVisualStudioVersion = 10.0.40219.1
Project("{9A19103F-16F7-4668-BE54-9A1E7A4F7556}") = "PlaywrightDemo.Tests", "DotNet\PlaywrightDemo.Tests.csproj", "{F8CF1842-21BC-4D7A-B7C1-336FD234FFA3}"
EndProject
Global
	GlobalSection(SolutionConfigurationPlatforms) = preSolution
		Debug|Any CPU = Debug|Any CPU
		Release|Any CPU = Release|Any CPU
	EndGlobalSection
	GlobalSection(ProjectConfigurationPlatforms) = postSolution
		{F8CF1842-21BC-4D7A-B7C1-336FD234FFA3}.Debug|Any CPU.ActiveCfg = Debug|Any CPU
		{F8CF1842-21BC-4D7A-B7C1-336FD234FFA3}.Debug|Any CPU.Build.0 = Debug|Any CPU
		{F8CF1842-21BC-4D7A-B7C1-336FD234FFA3}.Release|Any CPU.ActiveCfg = Release|Any CPU
		{F8CF1842-21BC-4D7A-B7C1-336FD234FFA3}.Release|Any CPU.Build.0 = Release|Any CPU
	EndGlobalSection
	GlobalSection(SolutionProperties) = preSolution
		HideSolutionNode = FALSE
	EndGlobalSection
	GlobalSection(ExtensibilityGlobals) = postSolution
		SolutionGuid = {5C8DA825-25B5-4148-8F0A-36D900FFBE83}
	EndGlobalSection
EndGlobal
